
Microsoft Visual Studio Solution File, Format Version 12.00
# Visual Studio Version 16
VisualStudioVersion = 16.0.30517.126
MinimumVisualStudioVersion = 10.0.40219.1
Project("{9A19103F-16F7-4668-BE54-9A1E7A4F7556}") = "TinyCollege.Core", "TinyCollege.Core\TinyCollege.Core.csproj", "{6A25D459-DA53-4799-B73F-FA99D77AE446}"
EndProject
Project("{9A19103F-16F7-4668-BE54-9A1E7A4F7556}") = "TinyCollege.Wpf", "TinyCollege.Wpf\TinyCollege.Wpf.csproj", "{CC58245F-0F89-49AC-B5CD-63D6C03E6BB5}"
EndProject
Project("{FAE04EC0-301F-11D3-BF4B-00C04F79EFBC}") = "TinyCollege.Data", "TinyCollege.Data\TinyCollege.Data.csproj", "{C9506E08-4211-4A8E-ACAC-59D1846A14C9}"
EndProject
Global
	GlobalSection(SolutionConfigurationPlatforms) = preSolution
		Debug|Any CPU = Debug|Any CPU
		Release|Any CPU = Release|Any CPU
	EndGlobalSection
	GlobalSection(ProjectConfigurationPlatforms) = postSolution
		{6A25D459-DA53-4799-B73F-FA99D77AE446}.Debug|Any CPU.ActiveCfg = Debug|Any CPU
		{6A25D459-DA53-4799-B73F-FA99D77AE446}.Debug|Any CPU.Build.0 = Debug|Any CPU
		{6A25D459-DA53-4799-B73F-FA99D77AE446}.Release|Any CPU.ActiveCfg = Release|Any CPU
		{6A25D459-DA53-4799-B73F-FA99D77AE446}.Release|Any CPU.Build.0 = Release|Any CPU
		{CC58245F-0F89-49AC-B5CD-63D6C03E6BB5}.Debug|Any CPU.ActiveCfg = Debug|Any CPU
		{CC58245F-0F89-49AC-B5CD-63D6C03E6BB5}.Debug|Any CPU.Build.0 = Debug|Any CPU
		{CC58245F-0F89-49AC-B5CD-63D6C03E6BB5}.Release|Any CPU.ActiveCfg = Release|Any CPU
		{CC58245F-0F89-49AC-B5CD-63D6C03E6BB5}.Release|Any CPU.Build.0 = Release|Any CPU
		{C9506E08-4211-4A8E-ACAC-59D1846A14C9}.Debug|Any CPU.ActiveCfg = Debug|Any CPU
		{C9506E08-4211-4A8E-ACAC-59D1846A14C9}.Debug|Any CPU.Build.0 = Debug|Any CPU
		{C9506E08-4211-4A8E-ACAC-59D1846A14C9}.Release|Any CPU.ActiveCfg = Release|Any CPU
		{C9506E08-4211-4A8E-ACAC-59D1846A14C9}.Release|Any CPU.Build.0 = Release|Any CPU
	EndGlobalSection
	GlobalSection(SolutionProperties) = preSolution
		HideSolutionNode = FALSE
	EndGlobalSection
	GlobalSection(ExtensibilityGlobals) = postSolution
		SolutionGuid = {8FDEDA0A-D989-48DD-BCF7-1809C038CED3}
	EndGlobalSection
EndGlobal
